
Microsoft Visual Studio Solution File, Format Version 12.00
# Visual Studio 15
VisualStudioVersion = 15.0.28307.705
MinimumVisualStudioVersion = 10.0.40219.1
Project("{FAE04EC0-301F-11D3-BF4B-00C04F79EFBC}") = "InteractiveMusicScales", "InteractiveMusicScales\InteractiveMusicScales.csproj", "{89A9BDBB-1630-44D9-916F-625AF09DFB94}"
EndProject
Project("{FAE04EC0-301F-11D3-BF4B-00C04F79EFBC}") = "InteractiveMusicScales.Tests", "InteractiveMusicScales.Tests\InteractiveMusicScales.Tests.csproj", "{95A6A43E-CF2C-45FF-93F5-C9B1B39695A6}"
EndProject
Global
	GlobalSection(SolutionConfigurationPlatforms) = preSolution
		Debug|Any CPU = Debug|Any CPU
		Release|Any CPU = Release|Any CPU
	EndGlobalSection
	GlobalSection(ProjectConfigurationPlatforms) = postSolution
		{89A9BDBB-1630-44D9-916F-625AF09DFB94}.Debug|Any CPU.ActiveCfg = Debug|Any CPU
		{89A9BDBB-1630-44D9-916F-625AF09DFB94}.Debug|Any CPU.Build.0 = Debug|Any CPU
		{89A9BDBB-1630-44D9-916F-625AF09DFB94}.Release|Any CPU.ActiveCfg = Release|Any CPU
		{89A9BDBB-1630-44D9-916F-625AF09DFB94}.Release|Any CPU.Build.0 = Release|Any CPU
		{95A6A43E-CF2C-45FF-93F5-C9B1B39695A6}.Debug|Any CPU.ActiveCfg = Debug|Any CPU
		{95A6A43E-CF2C-45FF-93F5-C9B1B39695A6}.Debug|Any CPU.Build.0 = Debug|Any CPU
		{95A6A43E-CF2C-45FF-93F5-C9B1B39695A6}.Release|Any CPU.ActiveCfg = Release|Any CPU
		{95A6A43E-CF2C-45FF-93F5-C9B1B39695A6}.Release|Any CPU.Build.0 = Release|Any CPU
	EndGlobalSection
	GlobalSection(SolutionProperties) = preSolution
		HideSolutionNode = FALSE
	EndGlobalSection
	GlobalSection(ExtensibilityGlobals) = postSolution
		SolutionGuid = {FC64F315-27E2-444A-ADC6-95F3AAF10A7B}
	EndGlobalSection
EndGlobal
